
Microsoft Visual Studio Solution File, Format Version 12.00
# Visual Studio Version 17
VisualStudioVersion = 17.11.35312.102
MinimumVisualStudioVersion = 10.0.40219.1
Project("{FAE04EC0-301F-11D3-BF4B-00C04F79EFBC}") = "Clinic System ass 5", "Clinic System ass 5.csproj", "{28F6EE1B-E63F-4F91-AA54-9F9B9214978C}"
EndProject
Global
	GlobalSection(SolutionConfigurationPlatforms) = preSolution
		Debug|Any CPU = Debug|Any CPU
		Release|Any CPU = Release|Any CPU
	EndGlobalSection
	GlobalSection(ProjectConfigurationPlatforms) = postSolution
		{28F6EE1B-E63F-4F91-AA54-9F9B9214978C}.Debug|Any CPU.ActiveCfg = Debug|Any CPU
		{28F6EE1B-E63F-4F91-AA54-9F9B9214978C}.Debug|Any CPU.Build.0 = Debug|Any CPU
		{28F6EE1B-E63F-4F91-AA54-9F9B9214978C}.Release|Any CPU.ActiveCfg = Release|Any CPU
		{28F6EE1B-E63F-4F91-AA54-9F9B9214978C}.Release|Any CPU.Build.0 = Release|Any CPU
	EndGlobalSection
	GlobalSection(SolutionProperties) = preSolution
		HideSolutionNode = FALSE
	EndGlobalSection
	GlobalSection(ExtensibilityGlobals) = postSolution
		SolutionGuid = {3303A846-F8B1-44C7-B292-043429E7355A}
	EndGlobalSection
EndGlobal
